{
  "nodes": {
    "crane": {
      "locked": {
        "lastModified": 1773857772,
        "narHash": "sha256-5xsK26KRHf0WytBtsBnQYC/lTWDhQuT57HJ7SzuqZcM=",
        "owner": "ipetkov",
        "repo": "crane",
        "rev": "b556d7bbae5ff86e378451511873dfd07e4504cd",
        "type": "github"
      },
      "original": {
        "owner": "ipetkov",
        "repo": "crane",
        "type": "github"
      }
    },
    "nixpkgs": {
      "locked": {
        "lastModified": 1773840656,
        "narHash": "sha256-9tpvMGFteZnd3gRQZFlRCohVpqooygFuy9yjuyRL2C0=",
        "owner": "NixOS",
        "repo": "nixpkgs",
        "rev": "9cf7092bdd603554bd8b63c216e8943cf9b12512",
        "type": "github"
      },
      "original": {
        "owner": "NixOS",
        "ref": "nixpkgs-unstable",
        "repo": "nixpkgs",
        "type": "github"
      }
    },
    "nixpkgs_2": {
      "locked": {
        "lastModified": 1744536153,
        "narHash": "sha256-awS2zRgF4uTwrOKwwiJcByDzDOdo3Q1rPZbiHQg/N38=",
        "owner": "NixOS",
        "repo": "nixpkgs",
        "rev": "18dd725c29603f582cf1900e0d25f9f1063dbf11",
        "type": "github"
      },
      "original": {
        "owner": "NixOS",
        "ref": "nixpkgs-unstable",
        "repo": "nixpkgs",
        "type": "github"
      }
    },
    "root": {
      "inputs": {
        "crane": "crane",
        "nixpkgs": "nixpkgs",
        "rust-overlay": "rust-overlay"
      }
    },
    "rust-overlay": {
      "inputs": {
        "nixpkgs": "nixpkgs_2"
      },
      "locked": {
        "lastModified": 1774149071,
        "narHash": "sha256-SYp8NyzwfCO3Guqmu9hPRHR1hwESlQia5nNz3lYo2qA=",
        "owner": "oxalica",
        "repo": "rust-overlay",
        "rev": "6a031966eab3bfaa19be9e261eed5b8a79c04b18",
        "type": "github"
      },
      "original": {
        "owner": "oxalica",
        "repo": "rust-overlay",
        "type": "github"
      }
    }
  },
  "root": "root",
  "version": 7
}
